
Microsoft Visual Studio Solution File, Format Version 12.00
# Visual Studio Version 17
VisualStudioVersion = 17.5.33424.131
MinimumVisualStudioVersion = 10.0.40219.1
Project("{FAE04EC0-301F-11D3-BF4B-00C04F79EFBC}") = "RecipeApp", "RecipeApp.csproj", "{0732C259-9D9E-44FF-8EA0-B51B0D05F2BF}"
EndProject
Global
	GlobalSection(SolutionConfigurationPlatforms) = preSolution
		Debug|Any CPU = Debug|Any CPU
		Release|Any CPU = Release|Any CPU
	EndGlobalSection
	GlobalSection(ProjectConfigurationPlatforms) = postSolution
		{0732C259-9D9E-44FF-8EA0-B51B0D05F2BF}.Debug|Any CPU.ActiveCfg = Debug|Any CPU
		{0732C259-9D9E-44FF-8EA0-B51B0D05F2BF}.Debug|Any CPU.Build.0 = Debug|Any CPU
		{0732C259-9D9E-44FF-8EA0-B51B0D05F2BF}.Release|Any CPU.ActiveCfg = Release|Any CPU
		{0732C259-9D9E-44FF-8EA0-B51B0D05F2BF}.Release|Any CPU.Build.0 = Release|Any CPU
	EndGlobalSection
	GlobalSection(SolutionProperties) = preSolution
		HideSolutionNode = FALSE
	EndGlobalSection
	GlobalSection(ExtensibilityGlobals) = postSolution
		SolutionGuid = {8118839E-B80D-4602-8E5B-56DA6B5B827D}
	EndGlobalSection
EndGlobal
